
Microsoft Visual Studio Solution File, Format Version 11.00
# Visual Studio 2010
Project("{8BC9CEB8-8B4A-11D0-8D11-00A0C91BC942}") = "ALL_BUILD", "..\build\ALL_BUILD.vcxproj", "{0CD46657-ECE2-4FB6-B248-20A0221F74DF}"
EndProject
Project("{8BC9CEB8-8B4A-11D0-8D11-00A0C91BC942}") = "ZERO_CHECK", "..\build\ZERO_CHECK.vcxproj", "{69FF901D-0490-4E51-B8F0-2C8374CDA09D}"
EndProject
Project("{8BC9CEB8-8B4A-11D0-8D11-00A0C91BC942}") = "VisView", "VisView\VisView.vcxproj", "{D8D5DD25-BAA0-46FE-ADBA-AB2699D2DA7E}"
EndProject
Project("{8BC9CEB8-8B4A-11D0-8D11-00A0C91BC942}") = "interface", "interface\interface.vcxproj", "{3AA48E67-14C7-4C7B-8109-36EAD0CFBF46}"
EndProject
Project("{8BC9CEB8-8B4A-11D0-8D11-00A0C91BC942}") = "creators", "creators\creators.vcxproj", "{28F6E435-D574-41E2-AF98-14FBC343AA9C}"
EndProject
Project("{8BC9CEB8-8B4A-11D0-8D11-00A0C91BC942}") = "video2bmp", "video2bmp\video2bmp.vcxproj", "{F2E635B4-0A0A-424E-9F70-EF716B1D6A47}"
	ProjectSection(ProjectDependencies) = postProject
		{28F6E435-D574-41E2-AF98-14FBC343AA9C} = {28F6E435-D574-41E2-AF98-14FBC343AA9C}
		{3AA48E67-14C7-4C7B-8109-36EAD0CFBF46} = {3AA48E67-14C7-4C7B-8109-36EAD0CFBF46}
		{6C55A0DE-A833-4229-8CC3-42A26200C743} = {6C55A0DE-A833-4229-8CC3-42A26200C743}
	EndProjectSection
EndProject
Project("{8BC9CEB8-8B4A-11D0-8D11-00A0C91BC942}") = "hopstatic", "..\build\src\hopstatic.vcxproj", "{6C55A0DE-A833-4229-8CC3-42A26200C743}"
EndProject
Project("{8BC9CEB8-8B4A-11D0-8D11-00A0C91BC942}") = "dbgproject", "dbgproject\dbgproject.vcxproj", "{55527548-AA0D-4660-9EB4-35FF76711DCC}"
	ProjectSection(ProjectDependencies) = postProject
		{28F6E435-D574-41E2-AF98-14FBC343AA9C} = {28F6E435-D574-41E2-AF98-14FBC343AA9C}
		{6C55A0DE-A833-4229-8CC3-42A26200C743} = {6C55A0DE-A833-4229-8CC3-42A26200C743}
	EndProjectSection
EndProject
Global
	GlobalSection(SolutionConfigurationPlatforms) = preSolution
		Debug|Any CPU = Debug|Any CPU
		Debug|Mixed Platforms = Debug|Mixed Platforms
		Debug|Win32 = Debug|Win32
		Debug|x64 = Debug|x64
		debug-O2|Any CPU = debug-O2|Any CPU
		debug-O2|Mixed Platforms = debug-O2|Mixed Platforms
		debug-O2|Win32 = debug-O2|Win32
		debug-O2|x64 = debug-O2|x64
		MinSizeRel|Any CPU = MinSizeRel|Any CPU
		MinSizeRel|Mixed Platforms = MinSizeRel|Mixed Platforms
		MinSizeRel|Win32 = MinSizeRel|Win32
		MinSizeRel|x64 = MinSizeRel|x64
		Release|Any CPU = Release|Any CPU
		Release|Mixed Platforms = Release|Mixed Platforms
		Release|Win32 = Release|Win32
		Release|x64 = Release|x64
		RelWithDebInfo|Any CPU = RelWithDebInfo|Any CPU
		RelWithDebInfo|Mixed Platforms = RelWithDebInfo|Mixed Platforms
		RelWithDebInfo|Win32 = RelWithDebInfo|Win32
		RelWithDebInfo|x64 = RelWithDebInfo|x64
		Template|Any CPU = Template|Any CPU
		Template|Mixed Platforms = Template|Mixed Platforms
		Template|Win32 = Template|Win32
		Template|x64 = Template|x64
	EndGlobalSection
	GlobalSection(ProjectConfigurationPlatforms) = postSolution
		{0CD46657-ECE2-4FB6-B248-20A0221F74DF}.Debug|Any CPU.ActiveCfg = Debug|x64
		{0CD46657-ECE2-4FB6-B248-20A0221F74DF}.Debug|Mixed Platforms.ActiveCfg = Debug|x64
		{0CD46657-ECE2-4FB6-B248-20A0221F74DF}.Debug|Mixed Platforms.Build.0 = Debug|x64
		{0CD46657-ECE2-4FB6-B248-20A0221F74DF}.Debug|Win32.ActiveCfg = Debug|x64
		{0CD46657-ECE2-4FB6-B248-20A0221F74DF}.Debug|x64.ActiveCfg = Debug|x64
		{0CD46657-ECE2-4FB6-B248-20A0221F74DF}.debug-O2|Any CPU.ActiveCfg = Debug|x64
		{0CD46657-ECE2-4FB6-B248-20A0221F74DF}.debug-O2|Mixed Platforms.ActiveCfg = Debug|x64
		{0CD46657-ECE2-4FB6-B248-20A0221F74DF}.debug-O2|Mixed Platforms.Build.0 = Debug|x64
		{0CD46657-ECE2-4FB6-B248-20A0221F74DF}.debug-O2|Win32.ActiveCfg = Debug|x64
		{0CD46657-ECE2-4FB6-B248-20A0221F74DF}.debug-O2|x64.ActiveCfg = Debug|x64
		{0CD46657-ECE2-4FB6-B248-20A0221F74DF}.debug-O2|x64.Build.0 = Debug|x64
		{0CD46657-ECE2-4FB6-B248-20A0221F74DF}.MinSizeRel|Any CPU.ActiveCfg = MinSizeRel|x64
		{0CD46657-ECE2-4FB6-B248-20A0221F74DF}.MinSizeRel|Mixed Platforms.ActiveCfg = MinSizeRel|x64
		{0CD46657-ECE2-4FB6-B248-20A0221F74DF}.MinSizeRel|Mixed Platforms.Build.0 = MinSizeRel|x64
		{0CD46657-ECE2-4FB6-B248-20A0221F74DF}.MinSizeRel|Win32.ActiveCfg = MinSizeRel|x64
		{0CD46657-ECE2-4FB6-B248-20A0221F74DF}.MinSizeRel|x64.ActiveCfg = MinSizeRel|x64
		{0CD46657-ECE2-4FB6-B248-20A0221F74DF}.MinSizeRel|x64.Build.0 = MinSizeRel|x64
		{0CD46657-ECE2-4FB6-B248-20A0221F74DF}.Release|Any CPU.ActiveCfg = Release|x64
		{0CD46657-ECE2-4FB6-B248-20A0221F74DF}.Release|Mixed Platforms.ActiveCfg = Release|x64
		{0CD46657-ECE2-4FB6-B248-20A0221F74DF}.Release|Mixed Platforms.Build.0 = Release|x64
		{0CD46657-ECE2-4FB6-B248-20A0221F74DF}.Release|Win32.ActiveCfg = Release|x64
		{0CD46657-ECE2-4FB6-B248-20A0221F74DF}.Release|x64.ActiveCfg = Release|x64
		{0CD46657-ECE2-4FB6-B248-20A0221F74DF}.RelWithDebInfo|Any CPU.ActiveCfg = RelWithDebInfo|x64
		{0CD46657-ECE2-4FB6-B248-20A0221F74DF}.RelWithDebInfo|Mixed Platforms.ActiveCfg = RelWithDebInfo|x64
		{0CD46657-ECE2-4FB6-B248-20A0221F74DF}.RelWithDebInfo|Mixed Platforms.Build.0 = RelWithDebInfo|x64
		{0CD46657-ECE2-4FB6-B248-20A0221F74DF}.RelWithDebInfo|Win32.ActiveCfg = RelWithDebInfo|x64
		{0CD46657-ECE2-4FB6-B248-20A0221F74DF}.RelWithDebInfo|x64.ActiveCfg = RelWithDebInfo|x64
		{0CD46657-ECE2-4FB6-B248-20A0221F74DF}.RelWithDebInfo|x64.Build.0 = RelWithDebInfo|x64
		{0CD46657-ECE2-4FB6-B248-20A0221F74DF}.Template|Any CPU.ActiveCfg = RelWithDebInfo|x64
		{0CD46657-ECE2-4FB6-B248-20A0221F74DF}.Template|Mixed Platforms.ActiveCfg = RelWithDebInfo|x64
		{0CD46657-ECE2-4FB6-B248-20A0221F74DF}.Template|Mixed Platforms.Build.0 = RelWithDebInfo|x64
		{0CD46657-ECE2-4FB6-B248-20A0221F74DF}.Template|Win32.ActiveCfg = RelWithDebInfo|x64
		{0CD46657-ECE2-4FB6-B248-20A0221F74DF}.Template|x64.ActiveCfg = RelWithDebInfo|x64
		{0CD46657-ECE2-4FB6-B248-20A0221F74DF}.Template|x64.Build.0 = RelWithDebInfo|x64
		{69FF901D-0490-4E51-B8F0-2C8374CDA09D}.Debug|Any CPU.ActiveCfg = Debug|x64
		{69FF901D-0490-4E51-B8F0-2C8374CDA09D}.Debug|Mixed Platforms.ActiveCfg = Debug|x64
		{69FF901D-0490-4E51-B8F0-2C8374CDA09D}.Debug|Mixed Platforms.Build.0 = Debug|x64
		{69FF901D-0490-4E51-B8F0-2C8374CDA09D}.Debug|Win32.ActiveCfg = Debug|x64
		{69FF901D-0490-4E51-B8F0-2C8374CDA09D}.Debug|x64.ActiveCfg = Debug|x64
		{69FF901D-0490-4E51-B8F0-2C8374CDA09D}.debug-O2|Any CPU.ActiveCfg = Debug|x64
		{69FF901D-0490-4E51-B8F0-2C8374CDA09D}.debug-O2|Mixed Platforms.ActiveCfg = Debug|x64
		{69FF901D-0490-4E51-B8F0-2C8374CDA09D}.debug-O2|Mixed Platforms.Build.0 = Debug|x64
		{69FF901D-0490-4E51-B8F0-2C8374CDA09D}.debug-O2|Win32.ActiveCfg = Debug|x64
		{69FF901D-0490-4E51-B8F0-2C8374CDA09D}.debug-O2|x64.ActiveCfg = Debug|x64
		{69FF901D-0490-4E51-B8F0-2C8374CDA09D}.debug-O2|x64.Build.0 = Debug|x64
		{69FF901D-0490-4E51-B8F0-2C8374CDA09D}.MinSizeRel|Any CPU.ActiveCfg = MinSizeRel|x64
		{69FF901D-0490-4E51-B8F0-2C8374CDA09D}.MinSizeRel|Mixed Platforms.ActiveCfg = MinSizeRel|x64
		{69FF901D-0490-4E51-B8F0-2C8374CDA09D}.MinSizeRel|Mixed Platforms.Build.0 = MinSizeRel|x64
		{69FF901D-0490-4E51-B8F0-2C8374CDA09D}.MinSizeRel|Win32.ActiveCfg = MinSizeRel|x64
		{69FF901D-0490-4E51-B8F0-2C8374CDA09D}.MinSizeRel|x64.ActiveCfg = MinSizeRel|x64
		{69FF901D-0490-4E51-B8F0-2C8374CDA09D}.MinSizeRel|x64.Build.0 = MinSizeRel|x64
		{69FF901D-0490-4E51-B8F0-2C8374CDA09D}.Release|Any CPU.ActiveCfg = Release|x64
		{69FF901D-0490-4E51-B8F0-2C8374CDA09D}.Release|Mixed Platforms.ActiveCfg = Release|x64
		{69FF901D-0490-4E51-B8F0-2C8374CDA09D}.Release|Mixed Platforms.Build.0 = Release|x64
		{69FF901D-0490-4E51-B8F0-2C8374CDA09D}.Release|Win32.ActiveCfg = Release|x64
		{69FF901D-0490-4E51-B8F0-2C8374CDA09D}.Release|x64.ActiveCfg = Release|x64
		{69FF901D-0490-4E51-B8F0-2C8374CDA09D}.RelWithDebInfo|Any CPU.ActiveCfg = RelWithDebInfo|x64
		{69FF901D-0490-4E51-B8F0-2C8374CDA09D}.RelWithDebInfo|Mixed Platforms.ActiveCfg = RelWithDebInfo|x64
		{69FF901D-0490-4E51-B8F0-2C8374CDA09D}.RelWithDebInfo|Mixed Platforms.Build.0 = RelWithDebInfo|x64
		{69FF901D-0490-4E51-B8F0-2C8374CDA09D}.RelWithDebInfo|Win32.ActiveCfg = RelWithDebInfo|x64
		{69FF901D-0490-4E51-B8F0-2C8374CDA09D}.RelWithDebInfo|x64.ActiveCfg = RelWithDebInfo|x64
		{69FF901D-0490-4E51-B8F0-2C8374CDA09D}.RelWithDebInfo|x64.Build.0 = RelWithDebInfo|x64
		{69FF901D-0490-4E51-B8F0-2C8374CDA09D}.Template|Any CPU.ActiveCfg = RelWithDebInfo|x64
		{69FF901D-0490-4E51-B8F0-2C8374CDA09D}.Template|Mixed Platforms.ActiveCfg = RelWithDebInfo|x64
		{69FF901D-0490-4E51-B8F0-2C8374CDA09D}.Template|Mixed Platforms.Build.0 = RelWithDebInfo|x64
		{69FF901D-0490-4E51-B8F0-2C8374CDA09D}.Template|Win32.ActiveCfg = RelWithDebInfo|x64
		{69FF901D-0490-4E51-B8F0-2C8374CDA09D}.Template|x64.ActiveCfg = RelWithDebInfo|x64
		{69FF901D-0490-4E51-B8F0-2C8374CDA09D}.Template|x64.Build.0 = RelWithDebInfo|x64
		{D8D5DD25-BAA0-46FE-ADBA-AB2699D2DA7E}.Debug|Any CPU.ActiveCfg = Debug|Win32
		{D8D5DD25-BAA0-46FE-ADBA-AB2699D2DA7E}.Debug|Mixed Platforms.ActiveCfg = Debug|Win32
		{D8D5DD25-BAA0-46FE-ADBA-AB2699D2DA7E}.Debug|Mixed Platforms.Build.0 = Debug|Win32
		{D8D5DD25-BAA0-46FE-ADBA-AB2699D2DA7E}.Debug|Win32.ActiveCfg = Debug|Win32
		{D8D5DD25-BAA0-46FE-ADBA-AB2699D2DA7E}.Debug|Win32.Build.0 = Debug|Win32
		{D8D5DD25-BAA0-46FE-ADBA-AB2699D2DA7E}.Debug|x64.ActiveCfg = Debug|x64
		{D8D5DD25-BAA0-46FE-ADBA-AB2699D2DA7E}.debug-O2|Any CPU.ActiveCfg = Debug|Win32
		{D8D5DD25-BAA0-46FE-ADBA-AB2699D2DA7E}.debug-O2|Mixed Platforms.ActiveCfg = Debug|Win32
		{D8D5DD25-BAA0-46FE-ADBA-AB2699D2DA7E}.debug-O2|Mixed Platforms.Build.0 = Debug|Win32
		{D8D5DD25-BAA0-46FE-ADBA-AB2699D2DA7E}.debug-O2|Win32.ActiveCfg = Debug|Win32
		{D8D5DD25-BAA0-46FE-ADBA-AB2699D2DA7E}.debug-O2|Win32.Build.0 = Debug|Win32
		{D8D5DD25-BAA0-46FE-ADBA-AB2699D2DA7E}.debug-O2|x64.ActiveCfg = Debug|Win32
		{D8D5DD25-BAA0-46FE-ADBA-AB2699D2DA7E}.MinSizeRel|Any CPU.ActiveCfg = Release|Win32
		{D8D5DD25-BAA0-46FE-ADBA-AB2699D2DA7E}.MinSizeRel|Mixed Platforms.ActiveCfg = Release|Win32
		{D8D5DD25-BAA0-46FE-ADBA-AB2699D2DA7E}.MinSizeRel|Mixed Platforms.Build.0 = Release|Win32
		{D8D5DD25-BAA0-46FE-ADBA-AB2699D2DA7E}.MinSizeRel|Win32.ActiveCfg = Release|Win32
		{D8D5DD25-BAA0-46FE-ADBA-AB2699D2DA7E}.MinSizeRel|Win32.Build.0 = Release|Win32
		{D8D5DD25-BAA0-46FE-ADBA-AB2699D2DA7E}.MinSizeRel|x64.ActiveCfg = Release|Win32
		{D8D5DD25-BAA0-46FE-ADBA-AB2699D2DA7E}.Release|Any CPU.ActiveCfg = Release|Win32
		{D8D5DD25-BAA0-46FE-ADBA-AB2699D2DA7E}.Release|Mixed Platforms.ActiveCfg = Release|Win32
		{D8D5DD25-BAA0-46FE-ADBA-AB2699D2DA7E}.Release|Mixed Platforms.Build.0 = Release|Win32
		{D8D5DD25-BAA0-46FE-ADBA-AB2699D2DA7E}.Release|Win32.ActiveCfg = Release|Win32
		{D8D5DD25-BAA0-46FE-ADBA-AB2699D2DA7E}.Release|Win32.Build.0 = Release|Win32
		{D8D5DD25-BAA0-46FE-ADBA-AB2699D2DA7E}.Release|x64.ActiveCfg = Release|x64
		{D8D5DD25-BAA0-46FE-ADBA-AB2699D2DA7E}.RelWithDebInfo|Any CPU.ActiveCfg = Release|Win32
		{D8D5DD25-BAA0-46FE-ADBA-AB2699D2DA7E}.RelWithDebInfo|Mixed Platforms.ActiveCfg = Release|Win32
		{D8D5DD25-BAA0-46FE-ADBA-AB2699D2DA7E}.RelWithDebInfo|Mixed Platforms.Build.0 = Release|Win32
		{D8D5DD25-BAA0-46FE-ADBA-AB2699D2DA7E}.RelWithDebInfo|Win32.ActiveCfg = Release|Win32
		{D8D5DD25-BAA0-46FE-ADBA-AB2699D2DA7E}.RelWithDebInfo|Win32.Build.0 = Release|Win32
		{D8D5DD25-BAA0-46FE-ADBA-AB2699D2DA7E}.RelWithDebInfo|x64.ActiveCfg = Release|Win32
		{D8D5DD25-BAA0-46FE-ADBA-AB2699D2DA7E}.Template|Any CPU.ActiveCfg = Template|x64
		{D8D5DD25-BAA0-46FE-ADBA-AB2699D2DA7E}.Template|Mixed Platforms.ActiveCfg = Template|x64
		{D8D5DD25-BAA0-46FE-ADBA-AB2699D2DA7E}.Template|Mixed Platforms.Build.0 = Template|x64
		{D8D5DD25-BAA0-46FE-ADBA-AB2699D2DA7E}.Template|Win32.ActiveCfg = Template|Win32
		{D8D5DD25-BAA0-46FE-ADBA-AB2699D2DA7E}.Template|Win32.Build.0 = Template|Win32
		{D8D5DD25-BAA0-46FE-ADBA-AB2699D2DA7E}.Template|x64.ActiveCfg = Template|x64
		{D8D5DD25-BAA0-46FE-ADBA-AB2699D2DA7E}.Template|x64.Build.0 = Template|x64
		{3AA48E67-14C7-4C7B-8109-36EAD0CFBF46}.Debug|Any CPU.ActiveCfg = Debug|Win32
		{3AA48E67-14C7-4C7B-8109-36EAD0CFBF46}.Debug|Mixed Platforms.ActiveCfg = Debug|Win32
		{3AA48E67-14C7-4C7B-8109-36EAD0CFBF46}.Debug|Mixed Platforms.Build.0 = Debug|Win32
		{3AA48E67-14C7-4C7B-8109-36EAD0CFBF46}.Debug|Win32.ActiveCfg = Debug|Win32
		{3AA48E67-14C7-4C7B-8109-36EAD0CFBF46}.Debug|Win32.Build.0 = Debug|Win32
		{3AA48E67-14C7-4C7B-8109-36EAD0CFBF46}.Debug|x64.ActiveCfg = Debug|x64
		{3AA48E67-14C7-4C7B-8109-36EAD0CFBF46}.debug-O2|Any CPU.ActiveCfg = Debug|Win32
		{3AA48E67-14C7-4C7B-8109-36EAD0CFBF46}.debug-O2|Mixed Platforms.ActiveCfg = Debug|Win32
		{3AA48E67-14C7-4C7B-8109-36EAD0CFBF46}.debug-O2|Mixed Platforms.Build.0 = Debug|Win32
		{3AA48E67-14C7-4C7B-8109-36EAD0CFBF46}.debug-O2|Win32.ActiveCfg = Debug|Win32
		{3AA48E67-14C7-4C7B-8109-36EAD0CFBF46}.debug-O2|Win32.Build.0 = Debug|Win32
		{3AA48E67-14C7-4C7B-8109-36EAD0CFBF46}.debug-O2|x64.ActiveCfg = Debug|Win32
		{3AA48E67-14C7-4C7B-8109-36EAD0CFBF46}.MinSizeRel|Any CPU.ActiveCfg = Release|Win32
		{3AA48E67-14C7-4C7B-8109-36EAD0CFBF46}.MinSizeRel|Mixed Platforms.ActiveCfg = Release|Win32
		{3AA48E67-14C7-4C7B-8109-36EAD0CFBF46}.MinSizeRel|Mixed Platforms.Build.0 = Release|Win32
		{3AA48E67-14C7-4C7B-8109-36EAD0CFBF46}.MinSizeRel|Win32.ActiveCfg = Release|Win32
		{3AA48E67-14C7-4C7B-8109-36EAD0CFBF46}.MinSizeRel|Win32.Build.0 = Release|Win32
		{3AA48E67-14C7-4C7B-8109-36EAD0CFBF46}.MinSizeRel|x64.ActiveCfg = Release|Win32
		{3AA48E67-14C7-4C7B-8109-36EAD0CFBF46}.Release|Any CPU.ActiveCfg = Release|Win32
		{3AA48E67-14C7-4C7B-8109-36EAD0CFBF46}.Release|Mixed Platforms.ActiveCfg = Release|Win32
		{3AA48E67-14C7-4C7B-8109-36EAD0CFBF46}.Release|Mixed Platforms.Build.0 = Release|Win32
		{3AA48E67-14C7-4C7B-8109-36EAD0CFBF46}.Release|Win32.ActiveCfg = Release|Win32
		{3AA48E67-14C7-4C7B-8109-36EAD0CFBF46}.Release|Win32.Build.0 = Release|Win32
		{3AA48E67-14C7-4C7B-8109-36EAD0CFBF46}.Release|x64.ActiveCfg = Release|x64
		{3AA48E67-14C7-4C7B-8109-36EAD0CFBF46}.RelWithDebInfo|Any CPU.ActiveCfg = Release|Win32
		{3AA48E67-14C7-4C7B-8109-36EAD0CFBF46}.RelWithDebInfo|Mixed Platforms.ActiveCfg = Release|Win32
		{3AA48E67-14C7-4C7B-8109-36EAD0CFBF46}.RelWithDebInfo|Mixed Platforms.Build.0 = Release|Win32
		{3AA48E67-14C7-4C7B-8109-36EAD0CFBF46}.RelWithDebInfo|Win32.ActiveCfg = Release|Win32
		{3AA48E67-14C7-4C7B-8109-36EAD0CFBF46}.RelWithDebInfo|Win32.Build.0 = Release|Win32
		{3AA48E67-14C7-4C7B-8109-36EAD0CFBF46}.RelWithDebInfo|x64.ActiveCfg = Release|Win32
		{3AA48E67-14C7-4C7B-8109-36EAD0CFBF46}.Template|Any CPU.ActiveCfg = Release|x64
		{3AA48E67-14C7-4C7B-8109-36EAD0CFBF46}.Template|Mixed Platforms.ActiveCfg = Release|x64
		{3AA48E67-14C7-4C7B-8109-36EAD0CFBF46}.Template|Mixed Platforms.Build.0 = Release|x64
		{3AA48E67-14C7-4C7B-8109-36EAD0CFBF46}.Template|Win32.ActiveCfg = Release|x64
		{3AA48E67-14C7-4C7B-8109-36EAD0CFBF46}.Template|x64.ActiveCfg = Release|x64
		{3AA48E67-14C7-4C7B-8109-36EAD0CFBF46}.Template|x64.Build.0 = Release|x64
		{28F6E435-D574-41E2-AF98-14FBC343AA9C}.Debug|Any CPU.ActiveCfg = Debug|x64
		{28F6E435-D574-41E2-AF98-14FBC343AA9C}.Debug|Mixed Platforms.ActiveCfg = Debug|x64
		{28F6E435-D574-41E2-AF98-14FBC343AA9C}.Debug|Mixed Platforms.Build.0 = Debug|x64
		{28F6E435-D574-41E2-AF98-14FBC343AA9C}.Debug|Win32.ActiveCfg = Debug|Win32
		{28F6E435-D574-41E2-AF98-14FBC343AA9C}.Debug|Win32.Build.0 = Debug|Win32
		{28F6E435-D574-41E2-AF98-14FBC343AA9C}.Debug|x64.ActiveCfg = Debug|x64
		{28F6E435-D574-41E2-AF98-14FBC343AA9C}.Debug|x64.Build.0 = Debug|x64
		{28F6E435-D574-41E2-AF98-14FBC343AA9C}.debug-O2|Any CPU.ActiveCfg = Debug|x64
		{28F6E435-D574-41E2-AF98-14FBC343AA9C}.debug-O2|Mixed Platforms.ActiveCfg = Debug|x64
		{28F6E435-D574-41E2-AF98-14FBC343AA9C}.debug-O2|Mixed Platforms.Build.0 = Debug|x64
		{28F6E435-D574-41E2-AF98-14FBC343AA9C}.debug-O2|Win32.ActiveCfg = Debug|x64
		{28F6E435-D574-41E2-AF98-14FBC343AA9C}.debug-O2|x64.ActiveCfg = Debug|x64
		{28F6E435-D574-41E2-AF98-14FBC343AA9C}.debug-O2|x64.Build.0 = Debug|x64
		{28F6E435-D574-41E2-AF98-14FBC343AA9C}.MinSizeRel|Any CPU.ActiveCfg = Release|x64
		{28F6E435-D574-41E2-AF98-14FBC343AA9C}.MinSizeRel|Mixed Platforms.ActiveCfg = Release|x64
		{28F6E435-D574-41E2-AF98-14FBC343AA9C}.MinSizeRel|Mixed Platforms.Build.0 = Release|x64
		{28F6E435-D574-41E2-AF98-14FBC343AA9C}.MinSizeRel|Win32.ActiveCfg = Release|x64
		{28F6E435-D574-41E2-AF98-14FBC343AA9C}.MinSizeRel|x64.ActiveCfg = Release|x64
		{28F6E435-D574-41E2-AF98-14FBC343AA9C}.MinSizeRel|x64.Build.0 = Release|x64
		{28F6E435-D574-41E2-AF98-14FBC343AA9C}.Release|Any CPU.ActiveCfg = Release|x64
		{28F6E435-D574-41E2-AF98-14FBC343AA9C}.Release|Mixed Platforms.ActiveCfg = Release|x64
		{28F6E435-D574-41E2-AF98-14FBC343AA9C}.Release|Mixed Platforms.Build.0 = Release|x64
		{28F6E435-D574-41E2-AF98-14FBC343AA9C}.Release|Win32.ActiveCfg = Release|Win32
		{28F6E435-D574-41E2-AF98-14FBC343AA9C}.Release|Win32.Build.0 = Release|Win32
		{28F6E435-D574-41E2-AF98-14FBC343AA9C}.Release|x64.ActiveCfg = Release|x64
		{28F6E435-D574-41E2-AF98-14FBC343AA9C}.Release|x64.Build.0 = Release|x64
		{28F6E435-D574-41E2-AF98-14FBC343AA9C}.RelWithDebInfo|Any CPU.ActiveCfg = Release|x64
		{28F6E435-D574-41E2-AF98-14FBC343AA9C}.RelWithDebInfo|Mixed Platforms.ActiveCfg = Release|x64
		{28F6E435-D574-41E2-AF98-14FBC343AA9C}.RelWithDebInfo|Mixed Platforms.Build.0 = Release|x64
		{28F6E435-D574-41E2-AF98-14FBC343AA9C}.RelWithDebInfo|Win32.ActiveCfg = Release|x64
		{28F6E435-D574-41E2-AF98-14FBC343AA9C}.RelWithDebInfo|x64.ActiveCfg = Release|x64
		{28F6E435-D574-41E2-AF98-14FBC343AA9C}.RelWithDebInfo|x64.Build.0 = Release|x64
		{28F6E435-D574-41E2-AF98-14FBC343AA9C}.Template|Any CPU.ActiveCfg = Release|x64
		{28F6E435-D574-41E2-AF98-14FBC343AA9C}.Template|Mixed Platforms.ActiveCfg = Release|x64
		{28F6E435-D574-41E2-AF98-14FBC343AA9C}.Template|Mixed Platforms.Build.0 = Release|x64
		{28F6E435-D574-41E2-AF98-14FBC343AA9C}.Template|Win32.ActiveCfg = Release|x64
		{28F6E435-D574-41E2-AF98-14FBC343AA9C}.Template|x64.ActiveCfg = Release|x64
		{28F6E435-D574-41E2-AF98-14FBC343AA9C}.Template|x64.Build.0 = Release|x64
		{F2E635B4-0A0A-424E-9F70-EF716B1D6A47}.Debug|Any CPU.ActiveCfg = Debug|x64
		{F2E635B4-0A0A-424E-9F70-EF716B1D6A47}.Debug|Mixed Platforms.ActiveCfg = Debug|x64
		{F2E635B4-0A0A-424E-9F70-EF716B1D6A47}.Debug|Mixed Platforms.Build.0 = Debug|x64
		{F2E635B4-0A0A-424E-9F70-EF716B1D6A47}.Debug|Win32.ActiveCfg = Debug|Win32
		{F2E635B4-0A0A-424E-9F70-EF716B1D6A47}.Debug|Win32.Build.0 = Debug|Win32
		{F2E635B4-0A0A-424E-9F70-EF716B1D6A47}.Debug|x64.ActiveCfg = Debug|x64
		{F2E635B4-0A0A-424E-9F70-EF716B1D6A47}.Debug|x64.Build.0 = Debug|x64
		{F2E635B4-0A0A-424E-9F70-EF716B1D6A47}.debug-O2|Any CPU.ActiveCfg = debug-O2|x64
		{F2E635B4-0A0A-424E-9F70-EF716B1D6A47}.debug-O2|Mixed Platforms.ActiveCfg = debug-O2|x64
		{F2E635B4-0A0A-424E-9F70-EF716B1D6A47}.debug-O2|Mixed Platforms.Build.0 = debug-O2|x64
		{F2E635B4-0A0A-424E-9F70-EF716B1D6A47}.debug-O2|Win32.ActiveCfg = debug-O2|Win32
		{F2E635B4-0A0A-424E-9F70-EF716B1D6A47}.debug-O2|Win32.Build.0 = debug-O2|Win32
		{F2E635B4-0A0A-424E-9F70-EF716B1D6A47}.debug-O2|x64.ActiveCfg = debug-O2|x64
		{F2E635B4-0A0A-424E-9F70-EF716B1D6A47}.debug-O2|x64.Build.0 = debug-O2|x64
		{F2E635B4-0A0A-424E-9F70-EF716B1D6A47}.MinSizeRel|Any CPU.ActiveCfg = Template|x64
		{F2E635B4-0A0A-424E-9F70-EF716B1D6A47}.MinSizeRel|Mixed Platforms.ActiveCfg = Template|x64
		{F2E635B4-0A0A-424E-9F70-EF716B1D6A47}.MinSizeRel|Mixed Platforms.Build.0 = Template|x64
		{F2E635B4-0A0A-424E-9F70-EF716B1D6A47}.MinSizeRel|Win32.ActiveCfg = Template|x64
		{F2E635B4-0A0A-424E-9F70-EF716B1D6A47}.MinSizeRel|x64.ActiveCfg = Template|x64
		{F2E635B4-0A0A-424E-9F70-EF716B1D6A47}.MinSizeRel|x64.Build.0 = Template|x64
		{F2E635B4-0A0A-424E-9F70-EF716B1D6A47}.Release|Any CPU.ActiveCfg = Release|x64
		{F2E635B4-0A0A-424E-9F70-EF716B1D6A47}.Release|Mixed Platforms.ActiveCfg = Release|x64
		{F2E635B4-0A0A-424E-9F70-EF716B1D6A47}.Release|Mixed Platforms.Build.0 = Release|x64
		{F2E635B4-0A0A-424E-9F70-EF716B1D6A47}.Release|Win32.ActiveCfg = Release|Win32
		{F2E635B4-0A0A-424E-9F70-EF716B1D6A47}.Release|Win32.Build.0 = Release|Win32
		{F2E635B4-0A0A-424E-9F70-EF716B1D6A47}.Release|x64.ActiveCfg = Release|x64
		{F2E635B4-0A0A-424E-9F70-EF716B1D6A47}.Release|x64.Build.0 = Release|x64
		{F2E635B4-0A0A-424E-9F70-EF716B1D6A47}.RelWithDebInfo|Any CPU.ActiveCfg = Release|x64
		{F2E635B4-0A0A-424E-9F70-EF716B1D6A47}.RelWithDebInfo|Mixed Platforms.ActiveCfg = Release|x64
		{F2E635B4-0A0A-424E-9F70-EF716B1D6A47}.RelWithDebInfo|Mixed Platforms.Build.0 = Release|x64
		{F2E635B4-0A0A-424E-9F70-EF716B1D6A47}.RelWithDebInfo|Win32.ActiveCfg = Release|x64
		{F2E635B4-0A0A-424E-9F70-EF716B1D6A47}.RelWithDebInfo|x64.ActiveCfg = Release|x64
		{F2E635B4-0A0A-424E-9F70-EF716B1D6A47}.RelWithDebInfo|x64.Build.0 = Release|x64
		{F2E635B4-0A0A-424E-9F70-EF716B1D6A47}.Template|Any CPU.ActiveCfg = Template|x64
		{F2E635B4-0A0A-424E-9F70-EF716B1D6A47}.Template|Mixed Platforms.ActiveCfg = Template|x64
		{F2E635B4-0A0A-424E-9F70-EF716B1D6A47}.Template|Mixed Platforms.Build.0 = Template|x64
		{F2E635B4-0A0A-424E-9F70-EF716B1D6A47}.Template|Win32.ActiveCfg = Template|Win32
		{F2E635B4-0A0A-424E-9F70-EF716B1D6A47}.Template|Win32.Build.0 = Template|Win32
		{F2E635B4-0A0A-424E-9F70-EF716B1D6A47}.Template|x64.ActiveCfg = Template|x64
		{F2E635B4-0A0A-424E-9F70-EF716B1D6A47}.Template|x64.Build.0 = Template|x64
		{6C55A0DE-A833-4229-8CC3-42A26200C743}.Debug|Any CPU.ActiveCfg = Debug|x64
		{6C55A0DE-A833-4229-8CC3-42A26200C743}.Debug|Mixed Platforms.ActiveCfg = Debug|x64
		{6C55A0DE-A833-4229-8CC3-42A26200C743}.Debug|Mixed Platforms.Build.0 = Debug|x64
		{6C55A0DE-A833-4229-8CC3-42A26200C743}.Debug|Win32.ActiveCfg = Debug|x64
		{6C55A0DE-A833-4229-8CC3-42A26200C743}.Debug|x64.ActiveCfg = Debug|x64
		{6C55A0DE-A833-4229-8CC3-42A26200C743}.Debug|x64.Build.0 = Debug|x64
		{6C55A0DE-A833-4229-8CC3-42A26200C743}.debug-O2|Any CPU.ActiveCfg = Debug|x64
		{6C55A0DE-A833-4229-8CC3-42A26200C743}.debug-O2|Mixed Platforms.ActiveCfg = Debug|x64
		{6C55A0DE-A833-4229-8CC3-42A26200C743}.debug-O2|Mixed Platforms.Build.0 = Debug|x64
		{6C55A0DE-A833-4229-8CC3-42A26200C743}.debug-O2|Win32.ActiveCfg = Debug|x64
		{6C55A0DE-A833-4229-8CC3-42A26200C743}.debug-O2|x64.ActiveCfg = Debug|x64
		{6C55A0DE-A833-4229-8CC3-42A26200C743}.debug-O2|x64.Build.0 = Debug|x64
		{6C55A0DE-A833-4229-8CC3-42A26200C743}.MinSizeRel|Any CPU.ActiveCfg = MinSizeRel|x64
		{6C55A0DE-A833-4229-8CC3-42A26200C743}.MinSizeRel|Mixed Platforms.ActiveCfg = MinSizeRel|x64
		{6C55A0DE-A833-4229-8CC3-42A26200C743}.MinSizeRel|Mixed Platforms.Build.0 = MinSizeRel|x64
		{6C55A0DE-A833-4229-8CC3-42A26200C743}.MinSizeRel|Win32.ActiveCfg = MinSizeRel|x64
		{6C55A0DE-A833-4229-8CC3-42A26200C743}.MinSizeRel|x64.ActiveCfg = MinSizeRel|x64
		{6C55A0DE-A833-4229-8CC3-42A26200C743}.MinSizeRel|x64.Build.0 = MinSizeRel|x64
		{6C55A0DE-A833-4229-8CC3-42A26200C743}.Release|Any CPU.ActiveCfg = Release|x64
		{6C55A0DE-A833-4229-8CC3-42A26200C743}.Release|Mixed Platforms.ActiveCfg = Release|x64
		{6C55A0DE-A833-4229-8CC3-42A26200C743}.Release|Mixed Platforms.Build.0 = Release|x64
		{6C55A0DE-A833-4229-8CC3-42A26200C743}.Release|Win32.ActiveCfg = Release|x64
		{6C55A0DE-A833-4229-8CC3-42A26200C743}.Release|x64.ActiveCfg = Release|x64
		{6C55A0DE-A833-4229-8CC3-42A26200C743}.Release|x64.Build.0 = Release|x64
		{6C55A0DE-A833-4229-8CC3-42A26200C743}.RelWithDebInfo|Any CPU.ActiveCfg = RelWithDebInfo|x64
		{6C55A0DE-A833-4229-8CC3-42A26200C743}.RelWithDebInfo|Mixed Platforms.ActiveCfg = RelWithDebInfo|x64
		{6C55A0DE-A833-4229-8CC3-42A26200C743}.RelWithDebInfo|Mixed Platforms.Build.0 = RelWithDebInfo|x64
		{6C55A0DE-A833-4229-8CC3-42A26200C743}.RelWithDebInfo|Win32.ActiveCfg = RelWithDebInfo|x64
		{6C55A0DE-A833-4229-8CC3-42A26200C743}.RelWithDebInfo|x64.ActiveCfg = RelWithDebInfo|x64
		{6C55A0DE-A833-4229-8CC3-42A26200C743}.RelWithDebInfo|x64.Build.0 = RelWithDebInfo|x64
		{6C55A0DE-A833-4229-8CC3-42A26200C743}.Template|Any CPU.ActiveCfg = RelWithDebInfo|x64
		{6C55A0DE-A833-4229-8CC3-42A26200C743}.Template|Mixed Platforms.ActiveCfg = RelWithDebInfo|x64
		{6C55A0DE-A833-4229-8CC3-42A26200C743}.Template|Mixed Platforms.Build.0 = RelWithDebInfo|x64
		{6C55A0DE-A833-4229-8CC3-42A26200C743}.Template|Win32.ActiveCfg = RelWithDebInfo|x64
		{6C55A0DE-A833-4229-8CC3-42A26200C743}.Template|x64.ActiveCfg = RelWithDebInfo|x64
		{6C55A0DE-A833-4229-8CC3-42A26200C743}.Template|x64.Build.0 = RelWithDebInfo|x64
		{55527548-AA0D-4660-9EB4-35FF76711DCC}.Debug|Any CPU.ActiveCfg = Debug|Win32
		{55527548-AA0D-4660-9EB4-35FF76711DCC}.Debug|Mixed Platforms.ActiveCfg = Debug|Win32
		{55527548-AA0D-4660-9EB4-35FF76711DCC}.Debug|Mixed Platforms.Build.0 = Debug|Win32
		{55527548-AA0D-4660-9EB4-35FF76711DCC}.Debug|Win32.ActiveCfg = Debug|Win32
		{55527548-AA0D-4660-9EB4-35FF76711DCC}.Debug|Win32.Build.0 = Debug|Win32
		{55527548-AA0D-4660-9EB4-35FF76711DCC}.Debug|x64.ActiveCfg = Debug|x64
		{55527548-AA0D-4660-9EB4-35FF76711DCC}.debug-O2|Any CPU.ActiveCfg = Debug|Win32
		{55527548-AA0D-4660-9EB4-35FF76711DCC}.debug-O2|Mixed Platforms.ActiveCfg = Debug|Win32
		{55527548-AA0D-4660-9EB4-35FF76711DCC}.debug-O2|Mixed Platforms.Build.0 = Debug|Win32
		{55527548-AA0D-4660-9EB4-35FF76711DCC}.debug-O2|Win32.ActiveCfg = Debug|Win32
		{55527548-AA0D-4660-9EB4-35FF76711DCC}.debug-O2|Win32.Build.0 = Debug|Win32
		{55527548-AA0D-4660-9EB4-35FF76711DCC}.debug-O2|x64.ActiveCfg = Debug|Win32
		{55527548-AA0D-4660-9EB4-35FF76711DCC}.MinSizeRel|Any CPU.ActiveCfg = Release|Win32
		{55527548-AA0D-4660-9EB4-35FF76711DCC}.MinSizeRel|Mixed Platforms.ActiveCfg = Release|Win32
		{55527548-AA0D-4660-9EB4-35FF76711DCC}.MinSizeRel|Mixed Platforms.Build.0 = Release|Win32
		{55527548-AA0D-4660-9EB4-35FF76711DCC}.MinSizeRel|Win32.ActiveCfg = Release|Win32
		{55527548-AA0D-4660-9EB4-35FF76711DCC}.MinSizeRel|Win32.Build.0 = Release|Win32
		{55527548-AA0D-4660-9EB4-35FF76711DCC}.MinSizeRel|x64.ActiveCfg = Release|Win32
		{55527548-AA0D-4660-9EB4-35FF76711DCC}.Release|Any CPU.ActiveCfg = Release|Win32
		{55527548-AA0D-4660-9EB4-35FF76711DCC}.Release|Mixed Platforms.ActiveCfg = Release|Win32
		{55527548-AA0D-4660-9EB4-35FF76711DCC}.Release|Mixed Platforms.Build.0 = Release|Win32
		{55527548-AA0D-4660-9EB4-35FF76711DCC}.Release|Win32.ActiveCfg = Release|Win32
		{55527548-AA0D-4660-9EB4-35FF76711DCC}.Release|Win32.Build.0 = Release|Win32
		{55527548-AA0D-4660-9EB4-35FF76711DCC}.Release|x64.ActiveCfg = Release|x64
		{55527548-AA0D-4660-9EB4-35FF76711DCC}.RelWithDebInfo|Any CPU.ActiveCfg = Release|Win32
		{55527548-AA0D-4660-9EB4-35FF76711DCC}.RelWithDebInfo|Mixed Platforms.ActiveCfg = Release|Win32
		{55527548-AA0D-4660-9EB4-35FF76711DCC}.RelWithDebInfo|Mixed Platforms.Build.0 = Release|Win32
		{55527548-AA0D-4660-9EB4-35FF76711DCC}.RelWithDebInfo|Win32.ActiveCfg = Release|Win32
		{55527548-AA0D-4660-9EB4-35FF76711DCC}.RelWithDebInfo|Win32.Build.0 = Release|Win32
		{55527548-AA0D-4660-9EB4-35FF76711DCC}.RelWithDebInfo|x64.ActiveCfg = Release|Win32
		{55527548-AA0D-4660-9EB4-35FF76711DCC}.Template|Any CPU.ActiveCfg = Release|Win32
		{55527548-AA0D-4660-9EB4-35FF76711DCC}.Template|Mixed Platforms.ActiveCfg = Release|Win32
		{55527548-AA0D-4660-9EB4-35FF76711DCC}.Template|Mixed Platforms.Build.0 = Release|Win32
		{55527548-AA0D-4660-9EB4-35FF76711DCC}.Template|Win32.ActiveCfg = Release|Win32
		{55527548-AA0D-4660-9EB4-35FF76711DCC}.Template|Win32.Build.0 = Release|Win32
		{55527548-AA0D-4660-9EB4-35FF76711DCC}.Template|x64.ActiveCfg = Release|Win32
	EndGlobalSection
	GlobalSection(SolutionProperties) = preSolution
		HideSolutionNode = FALSE
	EndGlobalSection
EndGlobal
